// !$*UTF8*$!
{
	archiveVersion = 1;
	classes = {
	};
	objectVersion = 56;
	objects = {

/* Begin PBXBuildFile section */
		BC231B8A2BACBE9200DC8BB1 /* MainViewModel.swift in Sources */ = {isa = PBXBuildFile; fileRef = BC231B892BACBE9200DC8BB1 /* MainViewModel.swift */; };
		BC231B8C2BACBEBE00DC8BB1 /* Person.swift in Sources */ = {isa = PBXBuildFile; fileRef = BC231B8B2BACBEBE00DC8BB1 /* Person.swift */; };
		BC231BC62BB344DB00DC8BB1 /* AddPersonView.swift in Sources */ = {isa = PBXBuildFile; fileRef = BC231BC52BB344DB00DC8BB1 /* AddPersonView.swift */; };
		BC231BD02BB34E6300DC8BB1 /* KeychainItemAccessibility.swift in Sources */ = {isa = PBXBuildFile; fileRef = BC231BC72BB34E6300DC8BB1 /* KeychainItemAccessibility.swift */; };
		BC231BD12BB34E6300DC8BB1 /* KeychainProperty.swift in Sources */ = {isa = PBXBuildFile; fileRef = BC231BC82BB34E6300DC8BB1 /* KeychainProperty.swift */; };
		BC231BD22BB34E6300DC8BB1 /* KeychainWrapper.swift in Sources */ = {isa = PBXBuildFile; fileRef = BC231BC92BB34E6300DC8BB1 /* KeychainWrapper.swift */; };
		BC231BD32BB34E6300DC8BB1 /* AppUserDefaults.swift in Sources */ = {isa = PBXBuildFile; fileRef = BC231BCB2BB34E6300DC8BB1 /* AppUserDefaults.swift */; };
		BC231BD42BB34E6300DC8BB1 /* UserDefault.swift in Sources */ = {isa = PBXBuildFile; fileRef = BC231BCC2BB34E6300DC8BB1 /* UserDefault.swift */; };
		BC231BD52BB34E6300DC8BB1 /* UserDefaultsKey.swift in Sources */ = {isa = PBXBuildFile; fileRef = BC231BCD2BB34E6300DC8BB1 /* UserDefaultsKey.swift */; };
		BC231BD82BB34F2E00DC8BB1 /* PersistenceManager.swift in Sources */ = {isa = PBXBuildFile; fileRef = BC231BD72BB34F2E00DC8BB1 /* PersistenceManager.swift */; };
		BC231BDA2BB34FC900DC8BB1 /* AddPersonViewModel.swift in Sources */ = {isa = PBXBuildFile; fileRef = BC231BD92BB34FC900DC8BB1 /* AddPersonViewModel.swift */; };
		BC231BDD2BB5F8E100DC8BB1 /* APIManager.swift in Sources */ = {isa = PBXBuildFile; fileRef = BC231BDC2BB5F8E100DC8BB1 /* APIManager.swift */; };
		BC32A4AE2BBC81C400CA483A /* EmptyBody.swift in Sources */ = {isa = PBXBuildFile; fileRef = BC32A4AD2BBC81C400CA483A /* EmptyBody.swift */; };
		BC32A4B02BBC8B5100CA483A /* DetailView.swift in Sources */ = {isa = PBXBuildFile; fileRef = BC32A4AF2BBC8B5100CA483A /* DetailView.swift */; };
		BC32A4B22BBC8B9D00CA483A /* DetailViewModel.swift in Sources */ = {isa = PBXBuildFile; fileRef = BC32A4B12BBC8B9D00CA483A /* DetailViewModel.swift */; };
		BC90443A2BAA0F8700AAC0D2 /* ECSTestSUIApp.swift in Sources */ = {isa = PBXBuildFile; fileRef = BC9044392BAA0F8700AAC0D2 /* ECSTestSUIApp.swift */; };
		BC90443C2BAA0F8700AAC0D2 /* ContentView.swift in Sources */ = {isa = PBXBuildFile; fileRef = BC90443B2BAA0F8700AAC0D2 /* ContentView.swift */; };
		BC90443E2BAA0F8900AAC0D2 /* Assets.xcassets in Resources */ = {isa = PBXBuildFile; fileRef = BC90443D2BAA0F8900AAC0D2 /* Assets.xcassets */; };
		BC9044412BAA0F8900AAC0D2 /* Preview Assets.xcassets in Resources */ = {isa = PBXBuildFile; fileRef = BC9044402BAA0F8900AAC0D2 /* Preview Assets.xcassets */; };
/* End PBXBuildFile section */

/* Begin PBXFileReference section */
		BC231B892BACBE9200DC8BB1 /* MainViewModel.swift */ = {isa = PBXFileReference; lastKnownFileType = sourcecode.swift; path = MainViewModel.swift; sourceTree = "<group>"; };
		BC231B8B2BACBEBE00DC8BB1 /* Person.swift */ = {isa = PBXFileReference; lastKnownFileType = sourcecode.swift; path = Person.swift; sourceTree = "<group>"; };
		BC231BC52BB344DB00DC8BB1 /* AddPersonView.swift */ = {isa = PBXFileReference; lastKnownFileType = sourcecode.swift; path = AddPersonView.swift; sourceTree = "<group>"; };
		BC231BC72BB34E6300DC8BB1 /* KeychainItemAccessibility.swift */ = {isa = PBXFileReference; fileEncoding = 4; lastKnownFileType = sourcecode.swift; path = KeychainItemAccessibility.swift; sourceTree = "<group>"; };
		BC231BC82BB34E6300DC8BB1 /* KeychainProperty.swift */ = {isa = PBXFileReference; fileEncoding = 4; lastKnownFileType = sourcecode.swift; path = KeychainProperty.swift; sourceTree = "<group>"; };
		BC231BC92BB34E6300DC8BB1 /* KeychainWrapper.swift */ = {isa = PBXFileReference; fileEncoding = 4; lastKnownFileType = sourcecode.swift; path = KeychainWrapper.swift; sourceTree = "<group>"; };
		BC231BCB2BB34E6300DC8BB1 /* AppUserDefaults.swift */ = {isa = PBXFileReference; fileEncoding = 4; lastKnownFileType = sourcecode.swift; path = AppUserDefaults.swift; sourceTree = "<group>"; };
		BC231BCC2BB34E6300DC8BB1 /* UserDefault.swift */ = {isa = PBXFileReference; fileEncoding = 4; lastKnownFileType = sourcecode.swift; path = UserDefault.swift; sourceTree = "<group>"; };
		BC231BCD2BB34E6300DC8BB1 /* UserDefaultsKey.swift */ = {isa = PBXFileReference; fileEncoding = 4; lastKnownFileType = sourcecode.swift; path = UserDefaultsKey.swift; sourceTree = "<group>"; };
		BC231BD72BB34F2E00DC8BB1 /* PersistenceManager.swift */ = {isa = PBXFileReference; lastKnownFileType = sourcecode.swift; path = PersistenceManager.swift; sourceTree = "<group>"; };
		BC231BD92BB34FC900DC8BB1 /* AddPersonViewModel.swift */ = {isa = PBXFileReference; lastKnownFileType = sourcecode.swift; path = AddPersonViewModel.swift; sourceTree = "<group>"; };
		BC231BDC2BB5F8E100DC8BB1 /* APIManager.swift */ = {isa = PBXFileReference; lastKnownFileType = sourcecode.swift; path = APIManager.swift; sourceTree = "<group>"; };
		BC32A4AD2BBC81C400CA483A /* EmptyBody.swift */ = {isa = PBXFileReference; lastKnownFileType = sourcecode.swift; path = EmptyBody.swift; sourceTree = "<group>"; };
		BC32A4AF2BBC8B5100CA483A /* DetailView.swift */ = {isa = PBXFileReference; lastKnownFileType = sourcecode.swift; path = DetailView.swift; sourceTree = "<group>"; };
		BC32A4B12BBC8B9D00CA483A /* DetailViewModel.swift */ = {isa = PBXFileReference; lastKnownFileType = sourcecode.swift; path = DetailViewModel.swift; sourceTree = "<group>"; };
		BC9044362BAA0F8700AAC0D2 /* ECSTestSUI.app */ = {isa = PBXFileReference; explicitFileType = wrapper.application; includeInIndex = 0; path = ECSTestSUI.app; sourceTree = BUILT_PRODUCTS_DIR; };
		BC9044392BAA0F8700AAC0D2 /* ECSTestSUIApp.swift */ = {isa = PBXFileReference; lastKnownFileType = sourcecode.swift; path = ECSTestSUIApp.swift; sourceTree = "<group>"; };
		BC90443B2BAA0F8700AAC0D2 /* ContentView.swift */ = {isa = PBXFileReference; lastKnownFileType = sourcecode.swift; path = ContentView.swift; sourceTree = "<group>"; };
		BC90443D2BAA0F8900AAC0D2 /* Assets.xcassets */ = {isa = PBXFileReference; lastKnownFileType = folder.assetcatalog; path = Assets.xcassets; sourceTree = "<group>"; };
		BC9044402BAA0F8900AAC0D2 /* Preview Assets.xcassets */ = {isa = PBXFileReference; lastKnownFileType = folder.assetcatalog; path = "Preview Assets.xcassets"; sourceTree = "<group>"; };
/* End PBXFileReference section */

/* Begin PBXFrameworksBuildPhase section */
		BC9044332BAA0F8700AAC0D2 /* Frameworks */ = {
			isa = PBXFrameworksBuildPhase;
			buildActionMask = 2147483647;
			files = (
			);
			runOnlyForDeploymentPostprocessing = 0;
		};
/* End PBXFrameworksBuildPhase section */

/* Begin PBXGroup section */
		BC231B862BACBE4D00DC8BB1 /* Model */ = {
			isa = PBXGroup;
			children = (
				BC231B8B2BACBEBE00DC8BB1 /* Person.swift */,
				BC32A4AD2BBC81C400CA483A /* EmptyBody.swift */,
			);
			path = Model;
			sourceTree = "<group>";
		};
		BC231B872BACBE5300DC8BB1 /* View */ = {
			isa = PBXGroup;
			children = (
				BC90443B2BAA0F8700AAC0D2 /* ContentView.swift */,
				BC231BC52BB344DB00DC8BB1 /* AddPersonView.swift */,
				BC32A4AF2BBC8B5100CA483A /* DetailView.swift */,
			);
			path = View;
			sourceTree = "<group>";
		};
		BC231B882BACBE5800DC8BB1 /* ViewModel */ = {
			isa = PBXGroup;
			children = (
				BC231B892BACBE9200DC8BB1 /* MainViewModel.swift */,
				BC231BD92BB34FC900DC8BB1 /* AddPersonViewModel.swift */,
				BC32A4B12BBC8B9D00CA483A /* DetailViewModel.swift */,
			);
			path = ViewModel;
			sourceTree = "<group>";
		};
		BC231BCA2BB34E6300DC8BB1 /* Keychain */ = {
			isa = PBXGroup;
			children = (
				BC231BC72BB34E6300DC8BB1 /* KeychainItemAccessibility.swift */,
				BC231BC82BB34E6300DC8BB1 /* KeychainProperty.swift */,
				BC231BC92BB34E6300DC8BB1 /* KeychainWrapper.swift */,
			);
			path = Keychain;
			sourceTree = "<group>";
		};
		BC231BCE2BB34E6300DC8BB1 /* UserDefaults */ = {
			isa = PBXGroup;
			children = (
				BC231BCB2BB34E6300DC8BB1 /* AppUserDefaults.swift */,
				BC231BCC2BB34E6300DC8BB1 /* UserDefault.swift */,
				BC231BCD2BB34E6300DC8BB1 /* UserDefaultsKey.swift */,
			);
			path = UserDefaults;
			sourceTree = "<group>";
		};
		BC231BCF2BB34E6300DC8BB1 /* Persistence */ = {
			isa = PBXGroup;
			children = (
				BC231BCA2BB34E6300DC8BB1 /* Keychain */,
				BC231BCE2BB34E6300DC8BB1 /* UserDefaults */,
			);
			path = Persistence;
			sourceTree = "<group>";
		};
		BC231BD62BB34F1D00DC8BB1 /* Managers */ = {
			isa = PBXGroup;
			children = (
				BC231BD72BB34F2E00DC8BB1 /* PersistenceManager.swift */,
			);
			path = Managers;
			sourceTree = "<group>";
		};
		BC231BDB2BB5F8D000DC8BB1 /* Network */ = {
			isa = PBXGroup;
			children = (
				BC231BDC2BB5F8E100DC8BB1 /* APIManager.swift */,
			);
			path = Network;
			sourceTree = "<group>";
		};
		BC90442D2BAA0F8700AAC0D2 = {
			isa = PBXGroup;
			children = (
				BC9044382BAA0F8700AAC0D2 /* ECSTestSUI */,
				BC9044372BAA0F8700AAC0D2 /* Products */,
			);
			sourceTree = "<group>";
		};
		BC9044372BAA0F8700AAC0D2 /* Products */ = {
			isa = PBXGroup;
			children = (
				BC9044362BAA0F8700AAC0D2 /* ECSTestSUI.app */,
			);
			name = Products;
			sourceTree = "<group>";
		};
		BC9044382BAA0F8700AAC0D2 /* ECSTestSUI */ = {
			isa = PBXGroup;
			children = (
				BC231BDB2BB5F8D000DC8BB1 /* Network */,
				BC231BD62BB34F1D00DC8BB1 /* Managers */,
				BC231B882BACBE5800DC8BB1 /* ViewModel */,
				BC231B872BACBE5300DC8BB1 /* View */,
				BC231B862BACBE4D00DC8BB1 /* Model */,
				BC231BCF2BB34E6300DC8BB1 /* Persistence */,
				BC9044392BAA0F8700AAC0D2 /* ECSTestSUIApp.swift */,
				BC90443D2BAA0F8900AAC0D2 /* Assets.xcassets */,
				BC90443F2BAA0F8900AAC0D2 /* Preview Content */,
			);
			path = ECSTestSUI;
			sourceTree = "<group>";
		};
		BC90443F2BAA0F8900AAC0D2 /* Preview Content */ = {
			isa = PBXGroup;
			children = (
				BC9044402BAA0F8900AAC0D2 /* Preview Assets.xcassets */,
			);
			path = "Preview Content";
			sourceTree = "<group>";
		};
/* End PBXGroup section */

/* Begin PBXNativeTarget section */
		BC9044352BAA0F8700AAC0D2 /* ECSTestSUI */ = {
			isa = PBXNativeTarget;
			buildConfigurationList = BC9044442BAA0F8900AAC0D2 /* Build configuration list for PBXNativeTarget "ECSTestSUI" */;
			buildPhases = (
				BC9044322BAA0F8700AAC0D2 /* Sources */,
				BC9044332BAA0F8700AAC0D2 /* Frameworks */,
				BC9044342BAA0F8700AAC0D2 /* Resources */,
			);
			buildRules = (
			);
			dependencies = (
			);
			name = ECSTestSUI;
			productName = ECSTestSUI;
			productReference = BC9044362BAA0F8700AAC0D2 /* ECSTestSUI.app */;
			productType = "com.apple.product-type.application";
		};
/* End PBXNativeTarget section */

/* Begin PBXProject section */
		BC90442E2BAA0F8700AAC0D2 /* Project object */ = {
			isa = PBXProject;
			attributes = {
				BuildIndependentTargetsInParallel = 1;
				LastSwiftUpdateCheck = 1500;
				LastUpgradeCheck = 1500;
				TargetAttributes = {
					BC9044352BAA0F8700AAC0D2 = {
						CreatedOnToolsVersion = 15.0;
					};
				};
			};
			buildConfigurationList = BC9044312BAA0F8700AAC0D2 /* Build configuration list for PBXProject "ECSTestSUI" */;
			compatibilityVersion = "Xcode 14.0";
			developmentRegion = en;
			hasScannedForEncodings = 0;
			knownRegions = (
				en,
				Base,
			);
			mainGroup = BC90442D2BAA0F8700AAC0D2;
			productRefGroup = BC9044372BAA0F8700AAC0D2 /* Products */;
			projectDirPath = "";
			projectRoot = "";
			targets = (
				BC9044352BAA0F8700AAC0D2 /* ECSTestSUI */,
			);
		};
/* End PBXProject section */

/* Begin PBXResourcesBuildPhase section */
		BC9044342BAA0F8700AAC0D2 /* Resources */ = {
			isa = PBXResourcesBuildPhase;
			buildActionMask = 2147483647;
			files = (
				BC9044412BAA0F8900AAC0D2 /* Preview Assets.xcassets in Resources */,
				BC90443E2BAA0F8900AAC0D2 /* Assets.xcassets in Resources */,
			);
			runOnlyForDeploymentPostprocessing = 0;
		};
/* End PBXResourcesBuildPhase section */

/* Begin PBXSourcesBuildPhase section */
		BC9044322BAA0F8700AAC0D2 /* Sources */ = {
			isa = PBXSourcesBuildPhase;
			buildActionMask = 2147483647;
			files = (
				BC32A4B22BBC8B9D00CA483A /* DetailViewModel.swift in Sources */,
				BC90443C2BAA0F8700AAC0D2 /* ContentView.swift in Sources */,
				BC231BD12BB34E6300DC8BB1 /* KeychainProperty.swift in Sources */,
				BC231BD42BB34E6300DC8BB1 /* UserDefault.swift in Sources */,
				BC231BD82BB34F2E00DC8BB1 /* PersistenceManager.swift in Sources */,
				BC90443A2BAA0F8700AAC0D2 /* ECSTestSUIApp.swift in Sources */,
				BC231B8C2BACBEBE00DC8BB1 /* Person.swift in Sources */,
				BC231BDD2BB5F8E100DC8BB1 /* APIManager.swift in Sources */,
				BC231BD32BB34E6300DC8BB1 /* AppUserDefaults.swift in Sources */,
				BC231BC62BB344DB00DC8BB1 /* AddPersonView.swift in Sources */,
				BC32A4B02BBC8B5100CA483A /* DetailView.swift in Sources */,
				BC231BD22BB34E6300DC8BB1 /* KeychainWrapper.swift in Sources */,
				BC231BDA2BB34FC900DC8BB1 /* AddPersonViewModel.swift in Sources */,
				BC231B8A2BACBE9200DC8BB1 /* MainViewModel.swift in Sources */,
				BC32A4AE2BBC81C400CA483A /* EmptyBody.swift in Sources */,
				BC231BD02BB34E6300DC8BB1 /* KeychainItemAccessibility.swift in Sources */,
				BC231BD52BB34E6300DC8BB1 /* UserDefaultsKey.swift in Sources */,
			);
			runOnlyForDeploymentPostprocessing = 0;
		};
/* End PBXSourcesBuildPhase section */

/* Begin XCBuildConfiguration section */
		BC9044422BAA0F8900AAC0D2 /* Debug */ = {
			isa = XCBuildConfiguration;
			buildSettings = {
				ALWAYS_SEARCH_USER_PATHS = NO;
				ASSETCATALOG_COMPILER_GENERATE_SWIFT_ASSET_SYMBOL_EXTENSIONS = YES;
				CLANG_ANALYZER_NONNULL = YES;
				CLANG_ANALYZER_NUMBER_OBJECT_CONVERSION = YES_AGGRESSIVE;
				CLANG_CXX_LANGUAGE_STANDARD = "gnu++20";
				CLANG_ENABLE_MODULES = YES;
				CLANG_ENABLE_OBJC_ARC = YES;
				CLANG_ENABLE_OBJC_WEAK = YES;
				CLANG_WARN_BLOCK_CAPTURE_AUTORELEASING = YES;
				CLANG_WARN_BOOL_CONVERSION = YES;
				CLANG_WARN_COMMA = YES;
				CLANG_WARN_CONSTANT_CONVERSION = YES;
				CLANG_WARN_DEPRECATED_OBJC_IMPLEMENTATIONS = YES;
				CLANG_WARN_DIRECT_OBJC_ISA_USAGE = YES_ERROR;
				CLANG_WARN_DOCUMENTATION_COMMENTS = YES;
				CLANG_WARN_EMPTY_BODY = YES;
				CLANG_WARN_ENUM_CONVERSION = YES;
				CLANG_WARN_INFINITE_RECURSION = YES;
				CLANG_WARN_INT_CONVERSION = YES;
				CLANG_WARN_NON_LITERAL_NULL_CONVERSION = YES;
				CLANG_WARN_OBJC_IMPLICIT_RETAIN_SELF = YES;
				CLANG_WARN_OBJC_LITERAL_CONVERSION = YES;
				CLANG_WARN_OBJC_ROOT_CLASS = YES_ERROR;
				CLANG_WARN_QUOTED_INCLUDE_IN_FRAMEWORK_HEADER = YES;
				CLANG_WARN_RANGE_LOOP_ANALYSIS = YES;
				CLANG_WARN_STRICT_PROTOTYPES = YES;
				CLANG_WARN_SUSPICIOUS_MOVE = YES;
				CLANG_WARN_UNGUARDED_AVAILABILITY = YES_AGGRESSIVE;
				CLANG_WARN_UNREACHABLE_CODE = YES;
				CLANG_WARN__DUPLICATE_METHOD_MATCH = YES;
				COPY_PHASE_STRIP = NO;
				DEBUG_INFORMATION_FORMAT = dwarf;
				ENABLE_STRICT_OBJC_MSGSEND = YES;
				ENABLE_TESTABILITY = YES;
				ENABLE_USER_SCRIPT_SANDBOXING = YES;
				GCC_C_LANGUAGE_STANDARD = gnu17;
				GCC_DYNAMIC_NO_PIC = NO;
				GCC_NO_COMMON_BLOCKS = YES;
				GCC_OPTIMIZATION_LEVEL = 0;
				GCC_PREPROCESSOR_DEFINITIONS = (
					"DEBUG=1",
					"$(inherited)",
				);
				GCC_WARN_64_TO_32_BIT_CONVERSION = YES;
				GCC_WARN_ABOUT_RETURN_TYPE = YES_ERROR;
				GCC_WARN_UNDECLARED_SELECTOR = YES;
				GCC_WARN_UNINITIALIZED_AUTOS = YES_AGGRESSIVE;
				GCC_WARN_UNUSED_FUNCTION = YES;
				GCC_WARN_UNUSED_VARIABLE = YES;
				IPHONEOS_DEPLOYMENT_TARGET = 17.0;
				LOCALIZATION_PREFERS_STRING_CATALOGS = YES;
				MTL_ENABLE_DEBUG_INFO = INCLUDE_SOURCE;
				MTL_FAST_MATH = YES;
				ONLY_ACTIVE_ARCH = YES;
				SDKROOT = iphoneos;
				SWIFT_ACTIVE_COMPILATION_CONDITIONS = "DEBUG $(inherited)";
				SWIFT_OPTIMIZATION_LEVEL = "-Onone";
			};
			name = Debug;
		};
		BC9044432BAA0F8900AAC0D2 /* Release */ = {
			isa = XCBuildConfiguration;
			buildSettings = {
				ALWAYS_SEARCH_USER_PATHS = NO;
				ASSETCATALOG_COMPILER_GENERATE_SWIFT_ASSET_SYMBOL_EXTENSIONS = YES;
				CLANG_ANALYZER_NONNULL = YES;
				CLANG_ANALYZER_NUMBER_OBJECT_CONVERSION = YES_AGGRESSIVE;
				CLANG_CXX_LANGUAGE_STANDARD = "gnu++20";
				CLANG_ENABLE_MODULES = YES;
				CLANG_ENABLE_OBJC_ARC = YES;
				CLANG_ENABLE_OBJC_WEAK = YES;
				CLANG_WARN_BLOCK_CAPTURE_AUTORELEASING = YES;
				CLANG_WARN_BOOL_CONVERSION = YES;
				CLANG_WARN_COMMA = YES;
				CLANG_WARN_CONSTANT_CONVERSION = YES;
				CLANG_WARN_DEPRECATED_OBJC_IMPLEMENTATIONS = YES;
				CLANG_WARN_DIRECT_OBJC_ISA_USAGE = YES_ERROR;
				CLANG_WARN_DOCUMENTATION_COMMENTS = YES;
				CLANG_WARN_EMPTY_BODY = YES;
				CLANG_WARN_ENUM_CONVERSION = YES;
				CLANG_WARN_INFINITE_RECURSION = YES;
				CLANG_WARN_INT_CONVERSION = YES;
				CLANG_WARN_NON_LITERAL_NULL_CONVERSION = YES;
				CLANG_WARN_OBJC_IMPLICIT_RETAIN_SELF = YES;
				CLANG_WARN_OBJC_LITERAL_CONVERSION = YES;
				CLANG_WARN_OBJC_ROOT_CLASS = YES_ERROR;
				CLANG_WARN_QUOTED_INCLUDE_IN_FRAMEWORK_HEADER = YES;
				CLANG_WARN_RANGE_LOOP_ANALYSIS = YES;
				CLANG_WARN_STRICT_PROTOTYPES = YES;
				CLANG_WARN_SUSPICIOUS_MOVE = YES;
				CLANG_WARN_UNGUARDED_AVAILABILITY = YES_AGGRESSIVE;
				CLANG_WARN_UNREACHABLE_CODE = YES;
				CLANG_WARN__DUPLICATE_METHOD_MATCH = YES;
				COPY_PHASE_STRIP = NO;
				DEBUG_INFORMATION_FORMAT = "dwarf-with-dsym";
				ENABLE_NS_ASSERTIONS = NO;
				ENABLE_STRICT_OBJC_MSGSEND = YES;
				ENABLE_USER_SCRIPT_SANDBOXING = YES;
				GCC_C_LANGUAGE_STANDARD = gnu17;
				GCC_NO_COMMON_BLOCKS = YES;
				GCC_WARN_64_TO_32_BIT_CONVERSION = YES;
				GCC_WARN_ABOUT_RETURN_TYPE = YES_ERROR;
				GCC_WARN_UNDECLARED_SELECTOR = YES;
				GCC_WARN_UNINITIALIZED_AUTOS = YES_AGGRESSIVE;
				GCC_WARN_UNUSED_FUNCTION = YES;
				GCC_WARN_UNUSED_VARIABLE = YES;
				IPHONEOS_DEPLOYMENT_TARGET = 17.0;
				LOCALIZATION_PREFERS_STRING_CATALOGS = YES;
				MTL_ENABLE_DEBUG_INFO = NO;
				MTL_FAST_MATH = YES;
				SDKROOT = iphoneos;
				SWIFT_COMPILATION_MODE = wholemodule;
				VALIDATE_PRODUCT = YES;
			};
			name = Release;
		};
		BC9044452BAA0F8900AAC0D2 /* Debug */ = {
			isa = XCBuildConfiguration;
			buildSettings = {
				ASSETCATALOG_COMPILER_APPICON_NAME = AppIcon;
				ASSETCATALOG_COMPILER_GLOBAL_ACCENT_COLOR_NAME = AccentColor;
				CODE_SIGN_STYLE = Automatic;
				CURRENT_PROJECT_VERSION = 1;
				DEVELOPMENT_ASSET_PATHS = "\"ECSTestSUI/Preview Content\"";
				DEVELOPMENT_TEAM = 2BAW85345C;
				ENABLE_PREVIEWS = YES;
				GENERATE_INFOPLIST_FILE = YES;
				INFOPLIST_KEY_UIApplicationSceneManifest_Generation = YES;
				INFOPLIST_KEY_UIApplicationSupportsIndirectInputEvents = YES;
				INFOPLIST_KEY_UILaunchScreen_Generation = YES;
				INFOPLIST_KEY_UISupportedInterfaceOrientations_iPad = "UIInterfaceOrientationPortrait UIInterfaceOrientationPortraitUpsideDown UIInterfaceOrientationLandscapeLeft UIInterfaceOrientationLandscapeRight";
				INFOPLIST_KEY_UISupportedInterfaceOrientations_iPhone = "UIInterfaceOrientationPortrait UIInterfaceOrientationLandscapeLeft UIInterfaceOrientationLandscapeRight";
				LD_RUNPATH_SEARCH_PATHS = (
					"$(inherited)",
					"@executable_path/Frameworks",
				);
				MARKETING_VERSION = 1.0;
				PRODUCT_BUNDLE_IDENTIFIER = com.husnutas.ECSTestSUI;
				PRODUCT_NAME = "$(TARGET_NAME)";
				SWIFT_EMIT_LOC_STRINGS = YES;
				SWIFT_VERSION = 5.0;
				TARGETED_DEVICE_FAMILY = "1,2";
			};
			name = Debug;
		};
		BC9044462BAA0F8900AAC0D2 /* Release */ = {
			isa = XCBuildConfiguration;
			buildSettings = {
				ASSETCATALOG_COMPILER_APPICON_NAME = AppIcon;
				ASSETCATALOG_COMPILER_GLOBAL_ACCENT_COLOR_NAME = AccentColor;
				CODE_SIGN_STYLE = Automatic;
				CURRENT_PROJECT_VERSION = 1;
				DEVELOPMENT_ASSET_PATHS = "\"ECSTestSUI/Preview Content\"";
				DEVELOPMENT_TEAM = 2BAW85345C;
				ENABLE_PREVIEWS = YES;
				GENERATE_INFOPLIST_FILE = YES;
				INFOPLIST_KEY_UIApplicationSceneManifest_Generation = YES;
				INFOPLIST_KEY_UIApplicationSupportsIndirectInputEvents = YES;
				INFOPLIST_KEY_UILaunchScreen_Generation = YES;
				INFOPLIST_KEY_UISupportedInterfaceOrientations_iPad = "UIInterfaceOrientationPortrait UIInterfaceOrientationPortraitUpsideDown UIInterfaceOrientationLandscapeLeft UIInterfaceOrientationLandscapeRight";
				INFOPLIST_KEY_UISupportedInterfaceOrientations_iPhone = "UIInterfaceOrientationPortrait UIInterfaceOrientationLandscapeLeft UIInterfaceOrientationLandscapeRight";
				LD_RUNPATH_SEARCH_PATHS = (
					"$(inherited)",
					"@executable_path/Frameworks",
				);
				MARKETING_VERSION = 1.0;
				PRODUCT_BUNDLE_IDENTIFIER = com.husnutas.ECSTestSUI;
				PRODUCT_NAME = "$(TARGET_NAME)";
				SWIFT_EMIT_LOC_STRINGS = YES;
				SWIFT_VERSION = 5.0;
				TARGETED_DEVICE_FAMILY = "1,2";
			};
			name = Release;
		};
/* End XCBuildConfiguration section */

/* Begin XCConfigurationList section */
		BC9044312BAA0F8700AAC0D2 /* Build configuration list for PBXProject "ECSTestSUI" */ = {
			isa = XCConfigurationList;
			buildConfigurations = (
				BC9044422BAA0F8900AAC0D2 /* Debug */,
				BC9044432BAA0F8900AAC0D2 /* Release */,
			);
			defaultConfigurationIsVisible = 0;
			defaultConfigurationName = Release;
		};
		BC9044442BAA0F8900AAC0D2 /* Build configuration list for PBXNativeTarget "ECSTestSUI" */ = {
			isa = XCConfigurationList;
			buildConfigurations = (
				BC9044452BAA0F8900AAC0D2 /* Debug */,
				BC9044462BAA0F8900AAC0D2 /* Release */,
			);
			defaultConfigurationIsVisible = 0;
			defaultConfigurationName = Release;
		};
/* End XCConfigurationList section */
	};
	rootObject = BC90442E2BAA0F8700AAC0D2 /* Project object */;
}
